Microsoft Visual Studio Solution File, Format Version 7.00
Project("{FAE04EC0-301F-11D3-BF4B-00C04F79EFBC}") = "UtilityLibrary", "UtilityLibrary.csproj", "{EF17DE45-C757-48BF-BE3B-FD8E1D72E154}"
EndProject
Project("{FAE04EC0-301F-11D3-BF4B-00C04F79EFBC}") = "MenuSample", "Menu\MenuSample\MenuSample.csproj", "{C5D56642-A6B0-4151-BF47-E288A99D4152}"
EndProject
Global
	GlobalSection(SolutionConfiguration) = preSolution
		ConfigName.0 = Debug
		ConfigName.1 = Release
	EndGlobalSection
	GlobalSection(ProjectDependencies) = postSolution
	EndGlobalSection
	GlobalSection(ProjectConfiguration) = postSolution
		{EF17DE45-C757-48BF-BE3B-FD8E1D72E154}.Debug.ActiveCfg = Debug|.NET
		{EF17DE45-C757-48BF-BE3B-FD8E1D72E154}.Debug.Build.0 = Debug|.NET
		{EF17DE45-C757-48BF-BE3B-FD8E1D72E154}.Release.ActiveCfg = Release|.NET
		{EF17DE45-C757-48BF-BE3B-FD8E1D72E154}.Release.Build.0 = Release|.NET
		{C5D56642-A6B0-4151-BF47-E288A99D4152}.Debug.ActiveCfg = Debug|.NET
		{C5D56642-A6B0-4151-BF47-E288A99D4152}.Debug.Build.0 = Debug|.NET
		{C5D56642-A6B0-4151-BF47-E288A99D4152}.Release.ActiveCfg = Release|.NET
		{C5D56642-A6B0-4151-BF47-E288A99D4152}.Release.Build.0 = Release|.NET
	EndGlobalSection
	GlobalSection(ExtensibilityGlobals) = postSolution
	EndGlobalSection
	GlobalSection(ExtensibilityAddIns) = postSolution
	EndGlobalSection
EndGlobal
