Microsoft Visual Studio Solution File, Format Version 9.00
# Visual Studio 2005
Project("{FAE04EC0-301F-11D3-BF4B-00C04F79EFBC}") = "TestProfilee", "TestProfilee\TestProfilee.csproj", "{88F360B7-D917-4A8D-A3FB-BB12A3D5124A}"
EndProject
Project("{FAE04EC0-301F-11D3-BF4B-00C04F79EFBC}") = "Test", "Test\Test.csproj", "{C713271A-3AB7-42BF-8324-D310AED42BEB}"
EndProject
Project("{FAE04EC0-301F-11D3-BF4B-00C04F79EFBC}") = "NProf", "NProf\NProf.csproj", "{46B2E25E-CFE3-4FA6-9E7F-8EDFA440E0B5}"
EndProject
Project("{8BC9CEB8-8B4A-11D0-8D11-00A0C91BC942}") = "NProf.Hook", "NProf.Hook\NProf.Hook.vcproj", "{4DAE8B45-A01C-456E-8AFE-E7D6C596F205}"
EndProject
Project("{8BC9CEB8-8B4A-11D0-8D11-00A0C91BC942}") = "NProf.HookPS", "NProf.Hook\NProf.HookPS.vcproj", "{546FAB57-D1E2-43A7-8E98-7525542C5540}"
EndProject
Global
	GlobalSection(SolutionConfigurationPlatforms) = preSolution
		Debug|Any CPU = Debug|Any CPU
		Debug|Mixed Platforms = Debug|Mixed Platforms
		Debug|Win32 = Debug|Win32
		Release|Any CPU = Release|Any CPU
		Release|Mixed Platforms = Release|Mixed Platforms
		Release|Win32 = Release|Win32
	EndGlobalSection
	GlobalSection(ProjectConfigurationPlatforms) = postSolution
		{88F360B7-D917-4A8D-A3FB-BB12A3D5124A}.Debug|Any CPU.ActiveCfg = Debug|Any CPU
		{88F360B7-D917-4A8D-A3FB-BB12A3D5124A}.Debug|Any CPU.Build.0 = Debug|Any CPU
		{88F360B7-D917-4A8D-A3FB-BB12A3D5124A}.Debug|Mixed Platforms.ActiveCfg = Debug|Any CPU
		{88F360B7-D917-4A8D-A3FB-BB12A3D5124A}.Debug|Mixed Platforms.Build.0 = Debug|Any CPU
		{88F360B7-D917-4A8D-A3FB-BB12A3D5124A}.Debug|Win32.ActiveCfg = Debug|Any CPU
		{88F360B7-D917-4A8D-A3FB-BB12A3D5124A}.Release|Any CPU.ActiveCfg = Release|Any CPU
		{88F360B7-D917-4A8D-A3FB-BB12A3D5124A}.Release|Any CPU.Build.0 = Release|Any CPU
		{88F360B7-D917-4A8D-A3FB-BB12A3D5124A}.Release|Mixed Platforms.ActiveCfg = Release|Any CPU
		{88F360B7-D917-4A8D-A3FB-BB12A3D5124A}.Release|Mixed Platforms.Build.0 = Release|Any CPU
		{88F360B7-D917-4A8D-A3FB-BB12A3D5124A}.Release|Win32.ActiveCfg = Release|Any CPU
		{C713271A-3AB7-42BF-8324-D310AED42BEB}.Debug|Any CPU.ActiveCfg = Debug|Any CPU
		{C713271A-3AB7-42BF-8324-D310AED42BEB}.Debug|Any CPU.Build.0 = Debug|Any CPU
		{C713271A-3AB7-42BF-8324-D310AED42BEB}.Debug|Mixed Platforms.ActiveCfg = Debug|Any CPU
		{C713271A-3AB7-42BF-8324-D310AED42BEB}.Debug|Mixed Platforms.Build.0 = Debug|Any CPU
		{C713271A-3AB7-42BF-8324-D310AED42BEB}.Debug|Win32.ActiveCfg = Debug|Any CPU
		{C713271A-3AB7-42BF-8324-D310AED42BEB}.Release|Any CPU.ActiveCfg = Release|Any CPU
		{C713271A-3AB7-42BF-8324-D310AED42BEB}.Release|Any CPU.Build.0 = Release|Any CPU
		{C713271A-3AB7-42BF-8324-D310AED42BEB}.Release|Mixed Platforms.ActiveCfg = Release|Any CPU
		{C713271A-3AB7-42BF-8324-D310AED42BEB}.Release|Mixed Platforms.Build.0 = Release|Any CPU
		{C713271A-3AB7-42BF-8324-D310AED42BEB}.Release|Win32.ActiveCfg = Release|Any CPU
		{46B2E25E-CFE3-4FA6-9E7F-8EDFA440E0B5}.Debug|Any CPU.ActiveCfg = Debug|Any CPU
		{46B2E25E-CFE3-4FA6-9E7F-8EDFA440E0B5}.Debug|Any CPU.Build.0 = Debug|Any CPU
		{46B2E25E-CFE3-4FA6-9E7F-8EDFA440E0B5}.Debug|Mixed Platforms.ActiveCfg = Debug|Any CPU
		{46B2E25E-CFE3-4FA6-9E7F-8EDFA440E0B5}.Debug|Mixed Platforms.Build.0 = Debug|Any CPU
		{46B2E25E-CFE3-4FA6-9E7F-8EDFA440E0B5}.Debug|Win32.ActiveCfg = Debug|Any CPU
		{46B2E25E-CFE3-4FA6-9E7F-8EDFA440E0B5}.Release|Any CPU.ActiveCfg = Release|Any CPU
		{46B2E25E-CFE3-4FA6-9E7F-8EDFA440E0B5}.Release|Any CPU.Build.0 = Release|Any CPU
		{46B2E25E-CFE3-4FA6-9E7F-8EDFA440E0B5}.Release|Mixed Platforms.ActiveCfg = Release|Any CPU
		{46B2E25E-CFE3-4FA6-9E7F-8EDFA440E0B5}.Release|Mixed Platforms.Build.0 = Release|Any CPU
		{46B2E25E-CFE3-4FA6-9E7F-8EDFA440E0B5}.Release|Win32.ActiveCfg = Release|Any CPU
		{4DAE8B45-A01C-456E-8AFE-E7D6C596F205}.Debug|Any CPU.ActiveCfg = Debug|Win32
		{4DAE8B45-A01C-456E-8AFE-E7D6C596F205}.Debug|Mixed Platforms.ActiveCfg = Debug|Win32
		{4DAE8B45-A01C-456E-8AFE-E7D6C596F205}.Debug|Mixed Platforms.Build.0 = Debug|Win32
		{4DAE8B45-A01C-456E-8AFE-E7D6C596F205}.Debug|Win32.ActiveCfg = Debug|Win32
		{4DAE8B45-A01C-456E-8AFE-E7D6C596F205}.Debug|Win32.Build.0 = Debug|Win32
		{4DAE8B45-A01C-456E-8AFE-E7D6C596F205}.Release|Any CPU.ActiveCfg = Release|Win32
		{4DAE8B45-A01C-456E-8AFE-E7D6C596F205}.Release|Mixed Platforms.ActiveCfg = Release|Win32
		{4DAE8B45-A01C-456E-8AFE-E7D6C596F205}.Release|Mixed Platforms.Build.0 = Release|Win32
		{4DAE8B45-A01C-456E-8AFE-E7D6C596F205}.Release|Win32.ActiveCfg = Release|Win32
		{4DAE8B45-A01C-456E-8AFE-E7D6C596F205}.Release|Win32.Build.0 = Release|Win32
		{546FAB57-D1E2-43A7-8E98-7525542C5540}.Debug|Any CPU.ActiveCfg = Debug|Win32
		{546FAB57-D1E2-43A7-8E98-7525542C5540}.Debug|Mixed Platforms.ActiveCfg = Debug|Win32
		{546FAB57-D1E2-43A7-8E98-7525542C5540}.Debug|Mixed Platforms.Build.0 = Debug|Win32
		{546FAB57-D1E2-43A7-8E98-7525542C5540}.Debug|Win32.ActiveCfg = Debug|Win32
		{546FAB57-D1E2-43A7-8E98-7525542C5540}.Debug|Win32.Build.0 = Debug|Win32
		{546FAB57-D1E2-43A7-8E98-7525542C5540}.Release|Any CPU.ActiveCfg = Release|Win32
		{546FAB57-D1E2-43A7-8E98-7525542C5540}.Release|Mixed Platforms.ActiveCfg = Release|Win32
		{546FAB57-D1E2-43A7-8E98-7525542C5540}.Release|Mixed Platforms.Build.0 = Release|Win32
		{546FAB57-D1E2-43A7-8E98-7525542C5540}.Release|Win32.ActiveCfg = Release|Win32
		{546FAB57-D1E2-43A7-8E98-7525542C5540}.Release|Win32.Build.0 = Release|Win32
	EndGlobalSection
	GlobalSection(SolutionProperties) = preSolution
		HideSolutionNode = FALSE
	EndGlobalSection
	GlobalSection(ExtensibilityGlobals) = postSolution
		XCSharpProjectsDisabled = 
		XCSharpSolutionEnabled = False
	EndGlobalSection
EndGlobal
