Microsoft Visual Studio Solution File, Format Version 7.00
Project("{FAE04EC0-301F-11D3-BF4B-00C04F79EFBC}") = "NProf.GUI", "NProf.GUI\NProf.GUI.csproj", "{46B2E25E-CFE3-4FA6-9E7F-8EDFA440E0B5}"
EndProject
Project("{FAE04EC0-301F-11D3-BF4B-00C04F79EFBC}") = "NProf.Glue", "NProf.Glue\NProf.Glue.csproj", "{0BBA8E95-3D0F-4366-8418-0A8947C8DBEF}"
EndProject
Project("{FAE04EC0-301F-11D3-BF4B-00C04F79EFBC}") = "UtilityLibrary", "GUILibrary\UtilityLibrary\UtilityLibrary.csproj", "{EF17DE45-C757-48BF-BE3B-FD8E1D72E154}"
EndProject
Project("{8BC9CEB8-8B4A-11D0-8D11-00A0C91BC942}") = "NProf.Hook", "NProf.Hook\NProf.Hook.vcproj", "{4DAE8B45-A01C-456E-8AFE-E7D6C596F205}"
EndProject
Project("{8BC9CEB8-8B4A-11D0-8D11-00A0C91BC942}") = "NProf.HookPS", "NProf.Hook\NProf.HookPS.vcproj", "{546FAB57-D1E2-43A7-8E98-7525542C5540}"
EndProject
Project("{FAE04EC0-301F-11D3-BF4B-00C04F79EFBC}") = "NProf.VSNetAddin", "NProf.VSNetAddin\NProf.VSNetAddin.csproj", "{583C02AF-F47C-426F-9886-E83C0DEE6395}"
EndProject
Project("{FAE04EC0-301F-11D3-BF4B-00C04F79EFBC}") = "NProf.Application", "NProf.Application\NProf.Application.csproj", "{60ABBEA4-A3B0-4281-8390-52BAFBD6FC3E}"
EndProject
Project("{FAE04EC0-301F-11D3-BF4B-00C04F79EFBC}") = "TestProfilee", "TestProfilee\TestProfilee.csproj", "{88F360B7-D917-4A8D-A3FB-BB12A3D5124A}"
EndProject
Global
	GlobalSection(SolutionConfiguration) = preSolution
		ConfigName.0 = Debug
		ConfigName.1 = Release
	EndGlobalSection
	GlobalSection(ProjectDependencies) = postSolution
		{46B2E25E-CFE3-4FA6-9E7F-8EDFA440E0B5}.0 = {0BBA8E95-3D0F-4366-8418-0A8947C8DBEF}
		{46B2E25E-CFE3-4FA6-9E7F-8EDFA440E0B5}.1 = {EF17DE45-C757-48BF-BE3B-FD8E1D72E154}
		{46B2E25E-CFE3-4FA6-9E7F-8EDFA440E0B5}.2 = {0BBA8E95-3D0F-4366-8418-0A8947C8DBEF}
		{46B2E25E-CFE3-4FA6-9E7F-8EDFA440E0B5}.3 = {EF17DE45-C757-48BF-BE3B-FD8E1D72E154}
		{46B2E25E-CFE3-4FA6-9E7F-8EDFA440E0B5}.4 = {546FAB57-D1E2-43A7-8E98-7525542C5540}
		{46B2E25E-CFE3-4FA6-9E7F-8EDFA440E0B5}.5 = {4DAE8B45-A01C-456E-8AFE-E7D6C596F205}
		{46B2E25E-CFE3-4FA6-9E7F-8EDFA440E0B5}.6 = {0BBA8E95-3D0F-4366-8418-0A8947C8DBEF}
		{46B2E25E-CFE3-4FA6-9E7F-8EDFA440E0B5}.7 = {EF17DE45-C757-48BF-BE3B-FD8E1D72E154}
		{46B2E25E-CFE3-4FA6-9E7F-8EDFA440E0B5}.8 = {0BBA8E95-3D0F-4366-8418-0A8947C8DBEF}
		{0BBA8E95-3D0F-4366-8418-0A8947C8DBEF}.0 = {4DAE8B45-A01C-456E-8AFE-E7D6C596F205}
		{0BBA8E95-3D0F-4366-8418-0A8947C8DBEF}.1 = {546FAB57-D1E2-43A7-8E98-7525542C5540}
		{546FAB57-D1E2-43A7-8E98-7525542C5540}.0 = {4DAE8B45-A01C-456E-8AFE-E7D6C596F205}
		{583C02AF-F47C-426F-9886-E83C0DEE6395}.0 = {0BBA8E95-3D0F-4366-8418-0A8947C8DBEF}
		{583C02AF-F47C-426F-9886-E83C0DEE6395}.1 = {0BBA8E95-3D0F-4366-8418-0A8947C8DBEF}
		{583C02AF-F47C-426F-9886-E83C0DEE6395}.2 = {46B2E25E-CFE3-4FA6-9E7F-8EDFA440E0B5}
		{60ABBEA4-A3B0-4281-8390-52BAFBD6FC3E}.0 = {46B2E25E-CFE3-4FA6-9E7F-8EDFA440E0B5}
		{60ABBEA4-A3B0-4281-8390-52BAFBD6FC3E}.1 = {0BBA8E95-3D0F-4366-8418-0A8947C8DBEF}
		{60ABBEA4-A3B0-4281-8390-52BAFBD6FC3E}.2 = {0BBA8E95-3D0F-4366-8418-0A8947C8DBEF}
		{60ABBEA4-A3B0-4281-8390-52BAFBD6FC3E}.3 = {46B2E25E-CFE3-4FA6-9E7F-8EDFA440E0B5}
	EndGlobalSection
	GlobalSection(ProjectConfiguration) = postSolution
		{46B2E25E-CFE3-4FA6-9E7F-8EDFA440E0B5}.Debug.ActiveCfg = Debug|.NET
		{46B2E25E-CFE3-4FA6-9E7F-8EDFA440E0B5}.Debug.Build.0 = Debug|.NET
		{46B2E25E-CFE3-4FA6-9E7F-8EDFA440E0B5}.Release.ActiveCfg = Release|.NET
		{46B2E25E-CFE3-4FA6-9E7F-8EDFA440E0B5}.Release.Build.0 = Release|.NET
		{0BBA8E95-3D0F-4366-8418-0A8947C8DBEF}.Debug.ActiveCfg = Debug|.NET
		{0BBA8E95-3D0F-4366-8418-0A8947C8DBEF}.Debug.Build.0 = Debug|.NET
		{0BBA8E95-3D0F-4366-8418-0A8947C8DBEF}.Release.ActiveCfg = Release|.NET
		{0BBA8E95-3D0F-4366-8418-0A8947C8DBEF}.Release.Build.0 = Release|.NET
		{EF17DE45-C757-48BF-BE3B-FD8E1D72E154}.Debug.ActiveCfg = Debug|.NET
		{EF17DE45-C757-48BF-BE3B-FD8E1D72E154}.Debug.Build.0 = Debug|.NET
		{EF17DE45-C757-48BF-BE3B-FD8E1D72E154}.Release.ActiveCfg = Release|.NET
		{EF17DE45-C757-48BF-BE3B-FD8E1D72E154}.Release.Build.0 = Release|.NET
		{4DAE8B45-A01C-456E-8AFE-E7D6C596F205}.Debug.ActiveCfg = Debug|Win32
		{4DAE8B45-A01C-456E-8AFE-E7D6C596F205}.Debug.Build.0 = Debug|Win32
		{4DAE8B45-A01C-456E-8AFE-E7D6C596F205}.Release.ActiveCfg = Release|Win32
		{4DAE8B45-A01C-456E-8AFE-E7D6C596F205}.Release.Build.0 = Release|Win32
		{546FAB57-D1E2-43A7-8E98-7525542C5540}.Debug.ActiveCfg = Debug|Win32
		{546FAB57-D1E2-43A7-8E98-7525542C5540}.Release.ActiveCfg = Release|Win32
		{583C02AF-F47C-426F-9886-E83C0DEE6395}.Debug.ActiveCfg = Debug|.NET
		{583C02AF-F47C-426F-9886-E83C0DEE6395}.Debug.Build.0 = Debug|.NET
		{583C02AF-F47C-426F-9886-E83C0DEE6395}.Release.ActiveCfg = Release|.NET
		{583C02AF-F47C-426F-9886-E83C0DEE6395}.Release.Build.0 = Release|.NET
		{60ABBEA4-A3B0-4281-8390-52BAFBD6FC3E}.Debug.ActiveCfg = Debug|.NET
		{60ABBEA4-A3B0-4281-8390-52BAFBD6FC3E}.Debug.Build.0 = Debug|.NET
		{60ABBEA4-A3B0-4281-8390-52BAFBD6FC3E}.Release.ActiveCfg = Release|.NET
		{60ABBEA4-A3B0-4281-8390-52BAFBD6FC3E}.Release.Build.0 = Release|.NET
		{88F360B7-D917-4A8D-A3FB-BB12A3D5124A}.Debug.ActiveCfg = Debug|.NET
		{88F360B7-D917-4A8D-A3FB-BB12A3D5124A}.Debug.Build.0 = Debug|.NET
		{88F360B7-D917-4A8D-A3FB-BB12A3D5124A}.Release.ActiveCfg = Release|.NET
		{88F360B7-D917-4A8D-A3FB-BB12A3D5124A}.Release.Build.0 = Release|.NET
	EndGlobalSection
	GlobalSection(ExtensibilityGlobals) = postSolution
		XCSharpSolutionEnabled = False
		XCSharpProjectsDisabled = 
	EndGlobalSection
	GlobalSection(ExtensibilityAddIns) = postSolution
	EndGlobalSection
EndGlobal
